
Microsoft Visual Studio Solution File, Format Version 12.00
# Visual Studio 15
VisualStudioVersion = 15.0.28307.421
MinimumVisualStudioVersion = 10.0.40219.1
Project("{9A19103F-16F7-4668-BE54-9A1E7A4F7556}") = "Acronym", "Acronym\Acronym.csproj", "{00EF8AD5-FF88-46A9-AE0B-615074A30E98}"
EndProject
Project("{FAE04EC0-301F-11D3-BF4B-00C04F79EFBC}") = "Acronym.Tests", "Acronym.Tests\Acronym.Tests.csproj", "{A3137954-A07C-475D-853C-CE2564FC55CE}"
EndProject
Global
	GlobalSection(SolutionConfigurationPlatforms) = preSolution
		Debug|Any CPU = Debug|Any CPU
		Release|Any CPU = Release|Any CPU
	EndGlobalSection
	GlobalSection(ProjectConfigurationPlatforms) = postSolution
		{00EF8AD5-FF88-46A9-AE0B-615074A30E98}.Debug|Any CPU.ActiveCfg = Debug|Any CPU
		{00EF8AD5-FF88-46A9-AE0B-615074A30E98}.Debug|Any CPU.Build.0 = Debug|Any CPU
		{00EF8AD5-FF88-46A9-AE0B-615074A30E98}.Release|Any CPU.ActiveCfg = Release|Any CPU
		{00EF8AD5-FF88-46A9-AE0B-615074A30E98}.Release|Any CPU.Build.0 = Release|Any CPU
		{A3137954-A07C-475D-853C-CE2564FC55CE}.Debug|Any CPU.ActiveCfg = Debug|Any CPU
		{A3137954-A07C-475D-853C-CE2564FC55CE}.Debug|Any CPU.Build.0 = Debug|Any CPU
		{A3137954-A07C-475D-853C-CE2564FC55CE}.Release|Any CPU.ActiveCfg = Release|Any CPU
		{A3137954-A07C-475D-853C-CE2564FC55CE}.Release|Any CPU.Build.0 = Release|Any CPU
	EndGlobalSection
	GlobalSection(SolutionProperties) = preSolution
		HideSolutionNode = FALSE
	EndGlobalSection
	GlobalSection(ExtensibilityGlobals) = postSolution
		SolutionGuid = {8BFE3656-A703-46AF-ACDE-329298158743}
	EndGlobalSection
EndGlobal
